// !$*UTF8*$!
{
	archiveVersion = 1;
	classes = {
	};
	objectVersion = 50;
	objects = {

/* Begin PBXBuildFile section */
		0E80241C25D8872000423647 /* basicappApp.swift in Sources */ = {isa = PBXBuildFile; fileRef = 0E80241B25D8872000423647 /* basicappApp.swift */; };
		0E80241E25D8872000423647 /* ContentView.swift in Sources */ = {isa = PBXBuildFile; fileRef = 0E80241D25D8872000423647 /* ContentView.swift */; };
		0E80242025D8872100423647 /* Assets.xcassets in Resources */ = {isa = PBXBuildFile; fileRef = 0E80241F25D8872100423647 /* Assets.xcassets */; };
		0E80242325D8872100423647 /* Preview Assets.xcassets in Resources */ = {isa = PBXBuildFile; fileRef = 0E80242225D8872100423647 /* Preview Assets.xcassets */; };
		0E80242E25D8872100423647 /* basicappTests.swift in Sources */ = {isa = PBXBuildFile; fileRef = 0E80242D25D8872100423647 /* basicappTests.swift */; };
		0E80243925D8872100423647 /* basicappUITests.swift in Sources */ = {isa = PBXBuildFile; fileRef = 0E80243825D8872100423647 /* basicappUITests.swift */; };
/* End PBXBuildFile section */

/* Begin PBXContainerItemProxy section */
		0E80242A25D8872100423647 /* PBXContainerItemProxy */ = {
			isa = PBXContainerItemProxy;
			containerPortal = 0E80241025D8872000423647 /* Project object */;
			proxyType = 1;
			remoteGlobalIDString = 0E80241725D8872000423647;
			remoteInfo = basicapp;
		};
		0E80243525D8872100423647 /* PBXContainerItemProxy */ = {
			isa = PBXContainerItemProxy;
			containerPortal = 0E80241025D8872000423647 /* Project object */;
			proxyType = 1;
			remoteGlobalIDString = 0E80241725D8872000423647;
			remoteInfo = basicapp;
		};
/* End PBXContainerItemProxy section */

/* Begin PBXFileReference section */
		0E80241825D8872000423647 /* basicapp.app */ = {isa = PBXFileReference; explicitFileType = wrapper.application; includeInIndex = 0; path = basicapp.app; sourceTree = BUILT_PRODUCTS_DIR; };
		0E80241B25D8872000423647 /* basicappApp.swift */ = {isa = PBXFileReference; lastKnownFileType = sourcecode.swift; path = basicappApp.swift; sourceTree = "<group>"; };
		0E80241D25D8872000423647 /* ContentView.swift */ = {isa = PBXFileReference; lastKnownFileType = sourcecode.swift; path = ContentView.swift; sourceTree = "<group>"; };
		0E80241F25D8872100423647 /* Assets.xcassets */ = {isa = PBXFileReference; lastKnownFileType = folder.assetcatalog; path = Assets.xcassets; sourceTree = "<group>"; };
		0E80242225D8872100423647 /* Preview Assets.xcassets */ = {isa = PBXFileReference; lastKnownFileType = folder.assetcatalog; path = "Preview Assets.xcassets"; sourceTree = "<group>"; };
		0E80242425D8872100423647 /* Info.plist */ = {isa = PBXFileReference; lastKnownFileType = text.plist.xml; path = Info.plist; sourceTree = "<group>"; };
		0E80242925D8872100423647 /* basicappTests.xctest */ = {isa = PBXFileReference; explicitFileType = wrapper.cfbundle; includeInIndex = 0; path = basicappTests.xctest; sourceTree = BUILT_PRODUCTS_DIR; };
		0E80242D25D8872100423647 /* basicappTests.swift */ = {isa = PBXFileReference; lastKnownFileType = sourcecode.swift; path = basicappTests.swift; sourceTree = "<group>"; };
		0E80242F25D8872100423647 /* Info.plist */ = {isa = PBXFileReference; lastKnownFileType = text.plist.xml; path = Info.plist; sourceTree = "<group>"; };
		0E80243425D8872100423647 /* basicappUITests.xctest */ = {isa = PBXFileReference; explicitFileType = wrapper.cfbundle; includeInIndex = 0; path = basicappUITests.xctest; sourceTree = BUILT_PRODUCTS_DIR; };
		0E80243825D8872100423647 /* basicappUITests.swift */ = {isa = PBXFileReference; lastKnownFileType = sourcecode.swift; path = basicappUITests.swift; sourceTree = "<group>"; };
		0E80243A25D8872100423647 /* Info.plist */ = {isa = PBXFileReference; lastKnownFileType = text.plist.xml; path = Info.plist; sourceTree = "<group>"; };
/* End PBXFileReference section */

/* Begin PBXFrameworksBuildPhase section */
		0E80241525D8872000423647 /* Frameworks */ = {
			isa = PBXFrameworksBuildPhase;
			buildActionMask = 2147483647;
			files = (
			);
			runOnlyForDeploymentPostprocessing = 0;
		};
		0E80242625D8872100423647 /* Frameworks */ = {
			isa = PBXFrameworksBuildPhase;
			buildActionMask = 2147483647;
			files = (
			);
			runOnlyForDeploymentPostprocessing = 0;
		};
		0E80243125D8872100423647 /* Frameworks */ = {
			isa = PBXFrameworksBuildPhase;
			buildActionMask = 2147483647;
			files = (
			);
			runOnlyForDeploymentPostprocessing = 0;
		};
/* End PBXFrameworksBuildPhase section */

/* Begin PBXGroup section */
		0E80240F25D8872000423647 = {
			isa = PBXGroup;
			children = (
				0E80241A25D8872000423647 /* basicapp */,
				0E80242C25D8872100423647 /* basicappTests */,
				0E80243725D8872100423647 /* basicappUITests */,
				0E80241925D8872000423647 /* Products */,
			);
			sourceTree = "<group>";
		};
		0E80241925D8872000423647 /* Products */ = {
			isa = PBXGroup;
			children = (
				0E80241825D8872000423647 /* basicapp.app */,
				0E80242925D8872100423647 /* basicappTests.xctest */,
				0E80243425D8872100423647 /* basicappUITests.xctest */,
			);
			name = Products;
			sourceTree = "<group>";
		};
		0E80241A25D8872000423647 /* basicapp */ = {
			isa = PBXGroup;
			children = (
				0E80241B25D8872000423647 /* basicappApp.swift */,
				0E80241D25D8872000423647 /* ContentView.swift */,
				0E80241F25D8872100423647 /* Assets.xcassets */,
				0E80242425D8872100423647 /* Info.plist */,
				0E80242125D8872100423647 /* Preview Content */,
			);
			path = basicapp;
			sourceTree = "<group>";
		};
		0E80242125D8872100423647 /* Preview Content */ = {
			isa = PBXGroup;
			children = (
				0E80242225D8872100423647 /* Preview Assets.xcassets */,
			);
			path = "Preview Content";
			sourceTree = "<group>";
		};
		0E80242C25D8872100423647 /* basicappTests */ = {
			isa = PBXGroup;
			children = (
				0E80242D25D8872100423647 /* basicappTests.swift */,
				0E80242F25D8872100423647 /* Info.plist */,
			);
			path = basicappTests;
			sourceTree = "<group>";
		};
		0E80243725D8872100423647 /* basicappUITests */ = {
			isa = PBXGroup;
			children = (
				0E80243825D8872100423647 /* basicappUITests.swift */,
				0E80243A25D8872100423647 /* Info.plist */,
			);
			path = basicappUITests;
			sourceTree = "<group>";
		};
/* End PBXGroup section */

/* Begin PBXNativeTarget section */
		0E80241725D8872000423647 /* basicapp */ = {
			isa = PBXNativeTarget;
			buildConfigurationList = 0E80243D25D8872100423647 /* Build configuration list for PBXNativeTarget "basicapp" */;
			buildPhases = (
				0E80241425D8872000423647 /* Sources */,
				0E80241525D8872000423647 /* Frameworks */,
				0E80241625D8872000423647 /* Resources */,
			);
			buildRules = (
			);
			dependencies = (
			);
			name = basicapp;
			productName = basicapp;
			productReference = 0E80241825D8872000423647 /* basicapp.app */;
			productType = "com.apple.product-type.application";
		};
		0E80242825D8872100423647 /* basicappTests */ = {
			isa = PBXNativeTarget;
			buildConfigurationList = 0E80244025D8872100423647 /* Build configuration list for PBXNativeTarget "basicappTests" */;
			buildPhases = (
				0E80242525D8872100423647 /* Sources */,
				0E80242625D8872100423647 /* Frameworks */,
				0E80242725D8872100423647 /* Resources */,
			);
			buildRules = (
			);
			dependencies = (
				0E80242B25D8872100423647 /* PBXTargetDependency */,
			);
			name = basicappTests;
			productName = basicappTests;
			productReference = 0E80242925D8872100423647 /* basicappTests.xctest */;
			productType = "com.apple.product-type.bundle.unit-test";
		};
		0E80243325D8872100423647 /* basicappUITests */ = {
			isa = PBXNativeTarget;
			buildConfigurationList = 0E80244325D8872100423647 /* Build configuration list for PBXNativeTarget "basicappUITests" */;
			buildPhases = (
				0E80243025D8872100423647 /* Sources */,
				0E80243125D8872100423647 /* Frameworks */,
				0E80243225D8872100423647 /* Resources */,
			);
			buildRules = (
			);
			dependencies = (
				0E80243625D8872100423647 /* PBXTargetDependency */,
			);
			name = basicappUITests;
			productName = basicappUITests;
			productReference = 0E80243425D8872100423647 /* basicappUITests.xctest */;
			productType = "com.apple.product-type.bundle.ui-testing";
		};
/* End PBXNativeTarget section */

/* Begin PBXProject section */
		0E80241025D8872000423647 /* Project object */ = {
			isa = PBXProject;
			attributes = {
				LastSwiftUpdateCheck = 1240;
				LastUpgradeCheck = 1240;
				TargetAttributes = {
					0E80241725D8872000423647 = {
						CreatedOnToolsVersion = 12.4;
					};
					0E80242825D8872100423647 = {
						CreatedOnToolsVersion = 12.4;
						TestTargetID = 0E80241725D8872000423647;
					};
					0E80243325D8872100423647 = {
						CreatedOnToolsVersion = 12.4;
						TestTargetID = 0E80241725D8872000423647;
					};
				};
			};
			buildConfigurationList = 0E80241325D8872000423647 /* Build configuration list for PBXProject "basicapp" */;
			compatibilityVersion = "Xcode 9.3";
			developmentRegion = en;
			hasScannedForEncodings = 0;
			knownRegions = (
				en,
				Base,
			);
			mainGroup = 0E80240F25D8872000423647;
			productRefGroup = 0E80241925D8872000423647 /* Products */;
			projectDirPath = "";
			projectRoot = "";
			targets = (
				0E80241725D8872000423647 /* basicapp */,
				0E80242825D8872100423647 /* basicappTests */,
				0E80243325D8872100423647 /* basicappUITests */,
			);
		};
/* End PBXProject section */

/* Begin PBXResourcesBuildPhase section */
		0E80241625D8872000423647 /* Resources */ = {
			isa = PBXResourcesBuildPhase;
			buildActionMask = 2147483647;
			files = (
				0E80242325D8872100423647 /* Preview Assets.xcassets in Resources */,
				0E80242025D8872100423647 /* Assets.xcassets in Resources */,
			);
			runOnlyForDeploymentPostprocessing = 0;
		};
		0E80242725D8872100423647 /* Resources */ = {
			isa = PBXResourcesBuildPhase;
			buildActionMask = 2147483647;
			files = (
			);
			runOnlyForDeploymentPostprocessing = 0;
		};
		0E80243225D8872100423647 /* Resources */ = {
			isa = PBXResourcesBuildPhase;
			buildActionMask = 2147483647;
			files = (
			);
			runOnlyForDeploymentPostprocessing = 0;
		};
/* End PBXResourcesBuildPhase section */

/* Begin PBXSourcesBuildPhase section */
		0E80241425D8872000423647 /* Sources */ = {
			isa = PBXSourcesBuildPhase;
			buildActionMask = 2147483647;
			files = (
				0E80241E25D8872000423647 /* ContentView.swift in Sources */,
				0E80241C25D8872000423647 /* basicappApp.swift in Sources */,
			);
			runOnlyForDeploymentPostprocessing = 0;
		};
		0E80242525D8872100423647 /* Sources */ = {
			isa = PBXSourcesBuildPhase;
			buildActionMask = 2147483647;
			files = (
				0E80242E25D8872100423647 /* basicappTests.swift in Sources */,
			);
			runOnlyForDeploymentPostprocessing = 0;
		};
		0E80243025D8872100423647 /* Sources */ = {
			isa = PBXSourcesBuildPhase;
			buildActionMask = 2147483647;
			files = (
				0E80243925D8872100423647 /* basicappUITests.swift in Sources */,
			);
			runOnlyForDeploymentPostprocessing = 0;
		};
/* End PBXSourcesBuildPhase section */

/* Begin PBXTargetDependency section */
		0E80242B25D8872100423647 /* PBXTargetDependency */ = {
			isa = PBXTargetDependency;
			target = 0E80241725D8872000423647 /* basicapp */;
			targetProxy = 0E80242A25D8872100423647 /* PBXContainerItemProxy */;
		};
		0E80243625D8872100423647 /* PBXTargetDependency */ = {
			isa = PBXTargetDependency;
			target = 0E80241725D8872000423647 /* basicapp */;
			targetProxy = 0E80243525D8872100423647 /* PBXContainerItemProxy */;
		};
/* End PBXTargetDependency section */

/* Begin XCBuildConfiguration section */
		0E80243B25D8872100423647 /* Debug */ = {
			isa = XCBuildConfiguration;
			buildSettings = {
				ALWAYS_SEARCH_USER_PATHS = NO;
				CLANG_ANALYZER_NONNULL = YES;
				CLANG_ANALYZER_NUMBER_OBJECT_CONVERSION = YES_AGGRESSIVE;
				CLANG_CXX_LANGUAGE_STANDARD = "gnu++14";
				CLANG_CXX_LIBRARY = "libc++";
				CLANG_ENABLE_MODULES = YES;
				CLANG_ENABLE_OBJC_ARC = YES;
				CLANG_ENABLE_OBJC_WEAK = YES;
				CLANG_WARN_BLOCK_CAPTURE_AUTORELEASING = YES;
				CLANG_WARN_BOOL_CONVERSION = YES;
				CLANG_WARN_COMMA = YES;
				CLANG_WARN_CONSTANT_CONVERSION = YES;
				CLANG_WARN_DEPRECATED_OBJC_IMPLEMENTATIONS = YES;
				CLANG_WARN_DIRECT_OBJC_ISA_USAGE = YES_ERROR;
				CLANG_WARN_DOCUMENTATION_COMMENTS = YES;
				CLANG_WARN_EMPTY_BODY = YES;
				CLANG_WARN_ENUM_CONVERSION = YES;
				CLANG_WARN_INFINITE_RECURSION = YES;
				CLANG_WARN_INT_CONVERSION = YES;
				CLANG_WARN_NON_LITERAL_NULL_CONVERSION = YES;
				CLANG_WARN_OBJC_IMPLICIT_RETAIN_SELF = YES;
				CLANG_WARN_OBJC_LITERAL_CONVERSION = YES;
				CLANG_WARN_OBJC_ROOT_CLASS = YES_ERROR;
				CLANG_WARN_QUOTED_INCLUDE_IN_FRAMEWORK_HEADER = YES;
				CLANG_WARN_RANGE_LOOP_ANALYSIS = YES;
				CLANG_WARN_STRICT_PROTOTYPES = YES;
				CLANG_WARN_SUSPICIOUS_MOVE = YES;
				CLANG_WARN_UNGUARDED_AVAILABILITY = YES_AGGRESSIVE;
				CLANG_WARN_UNREACHABLE_CODE = YES;
				CLANG_WARN__DUPLICATE_METHOD_MATCH = YES;
				COPY_PHASE_STRIP = NO;
				DEBUG_INFORMATION_FORMAT = dwarf;
				ENABLE_STRICT_OBJC_MSGSEND = YES;
				ENABLE_TESTABILITY = YES;
				GCC_C_LANGUAGE_STANDARD = gnu11;
				GCC_DYNAMIC_NO_PIC = NO;
				GCC_NO_COMMON_BLOCKS = YES;
				GCC_OPTIMIZATION_LEVEL = 0;
				GCC_PREPROCESSOR_DEFINITIONS = (
					"DEBUG=1",
					"$(inherited)",
				);
				GCC_WARN_64_TO_32_BIT_CONVERSION = YES;
				GCC_WARN_ABOUT_RETURN_TYPE = YES_ERROR;
				GCC_WARN_UNDECLARED_SELECTOR = YES;
				GCC_WARN_UNINITIALIZED_AUTOS = YES_AGGRESSIVE;
				GCC_WARN_UNUSED_FUNCTION = YES;
				GCC_WARN_UNUSED_VARIABLE = YES;
				IPHONEOS_DEPLOYMENT_TARGET = 14.4;
				MTL_ENABLE_DEBUG_INFO = INCLUDE_SOURCE;
				MTL_FAST_MATH = YES;
				ONLY_ACTIVE_ARCH = YES;
				SDKROOT = iphoneos;
				SWIFT_ACTIVE_COMPILATION_CONDITIONS = DEBUG;
				SWIFT_OPTIMIZATION_LEVEL = "-Onone";
			};
			name = Debug;
		};
		0E80243C25D8872100423647 /* Release */ = {
			isa = XCBuildConfiguration;
			buildSettings = {
				ALWAYS_SEARCH_USER_PATHS = NO;
				CLANG_ANALYZER_NONNULL = YES;
				CLANG_ANALYZER_NUMBER_OBJECT_CONVERSION = YES_AGGRESSIVE;
				CLANG_CXX_LANGUAGE_STANDARD = "gnu++14";
				CLANG_CXX_LIBRARY = "libc++";
				CLANG_ENABLE_MODULES = YES;
				CLANG_ENABLE_OBJC_ARC = YES;
				CLANG_ENABLE_OBJC_WEAK = YES;
				CLANG_WARN_BLOCK_CAPTURE_AUTORELEASING = YES;
				CLANG_WARN_BOOL_CONVERSION = YES;
				CLANG_WARN_COMMA = YES;
				CLANG_WARN_CONSTANT_CONVERSION = YES;
				CLANG_WARN_DEPRECATED_OBJC_IMPLEMENTATIONS = YES;
				CLANG_WARN_DIRECT_OBJC_ISA_USAGE = YES_ERROR;
				CLANG_WARN_DOCUMENTATION_COMMENTS = YES;
				CLANG_WARN_EMPTY_BODY = YES;
				CLANG_WARN_ENUM_CONVERSION = YES;
				CLANG_WARN_INFINITE_RECURSION = YES;
				CLANG_WARN_INT_CONVERSION = YES;
				CLANG_WARN_NON_LITERAL_NULL_CONVERSION = YES;
				CLANG_WARN_OBJC_IMPLICIT_RETAIN_SELF = YES;
				CLANG_WARN_OBJC_LITERAL_CONVERSION = YES;
				CLANG_WARN_OBJC_ROOT_CLASS = YES_ERROR;
				CLANG_WARN_QUOTED_INCLUDE_IN_FRAMEWORK_HEADER = YES;
				CLANG_WARN_RANGE_LOOP_ANALYSIS = YES;
				CLANG_WARN_STRICT_PROTOTYPES = YES;
				CLANG_WARN_SUSPICIOUS_MOVE = YES;
				CLANG_WARN_UNGUARDED_AVAILABILITY = YES_AGGRESSIVE;
				CLANG_WARN_UNREACHABLE_CODE = YES;
				CLANG_WARN__DUPLICATE_METHOD_MATCH = YES;
				COPY_PHASE_STRIP = NO;
				DEBUG_INFORMATION_FORMAT = "dwarf-with-dsym";
				ENABLE_NS_ASSERTIONS = NO;
				ENABLE_STRICT_OBJC_MSGSEND = YES;
				GCC_C_LANGUAGE_STANDARD = gnu11;
				GCC_NO_COMMON_BLOCKS = YES;
				GCC_WARN_64_TO_32_BIT_CONVERSION = YES;
				GCC_WARN_ABOUT_RETURN_TYPE = YES_ERROR;
				GCC_WARN_UNDECLARED_SELECTOR = YES;
				GCC_WARN_UNINITIALIZED_AUTOS = YES_AGGRESSIVE;
				GCC_WARN_UNUSED_FUNCTION = YES;
				GCC_WARN_UNUSED_VARIABLE = YES;
				IPHONEOS_DEPLOYMENT_TARGET = 14.4;
				MTL_ENABLE_DEBUG_INFO = NO;
				MTL_FAST_MATH = YES;
				SDKROOT = iphoneos;
				SWIFT_COMPILATION_MODE = wholemodule;
				SWIFT_OPTIMIZATION_LEVEL = "-O";
				VALIDATE_PRODUCT = YES;
			};
			name = Release;
		};
		0E80243E25D8872100423647 /* Debug */ = {
			isa = XCBuildConfiguration;
			buildSettings = {
				ASSETCATALOG_COMPILER_APPICON_NAME = AppIcon;
				ASSETCATALOG_COMPILER_GLOBAL_ACCENT_COLOR_NAME = AccentColor;
				CODE_SIGN_STYLE = Automatic;
				DEVELOPMENT_ASSET_PATHS = "\"basicapp/Preview Content\"";
				ENABLE_PREVIEWS = YES;
				INFOPLIST_FILE = basicapp/Info.plist;
				IPHONEOS_DEPLOYMENT_TARGET = 14.0;
				LD_RUNPATH_SEARCH_PATHS = (
					"$(inherited)",
					"@executable_path/Frameworks",
				);
				PRODUCT_BUNDLE_IDENTIFIER = com.testapp.basicapp;
				PRODUCT_NAME = "$(TARGET_NAME)";
				SWIFT_VERSION = 5.0;
				TARGETED_DEVICE_FAMILY = "1,2";
			};
			name = Debug;
		};
		0E80243F25D8872100423647 /* Release */ = {
			isa = XCBuildConfiguration;
			buildSettings = {
				ASSETCATALOG_COMPILER_APPICON_NAME = AppIcon;
				ASSETCATALOG_COMPILER_GLOBAL_ACCENT_COLOR_NAME = AccentColor;
				CODE_SIGN_STYLE = Automatic;
				DEVELOPMENT_ASSET_PATHS = "\"basicapp/Preview Content\"";
				ENABLE_PREVIEWS = YES;
				INFOPLIST_FILE = basicapp/Info.plist;
				IPHONEOS_DEPLOYMENT_TARGET = 14.0;
				LD_RUNPATH_SEARCH_PATHS = (
					"$(inherited)",
					"@executable_path/Frameworks",
				);
				PRODUCT_BUNDLE_IDENTIFIER = com.testapp.basicapp;
				PRODUCT_NAME = "$(TARGET_NAME)";
				SWIFT_VERSION = 5.0;
				TARGETED_DEVICE_FAMILY = "1,2";
			};
			name = Release;
		};
		0E80244125D8872100423647 /* Debug */ = {
			isa = XCBuildConfiguration;
			buildSettings = {
				ALWAYS_EMBED_SWIFT_STANDARD_LIBRARIES = YES;
				BUNDLE_LOADER = "$(TEST_HOST)";
				CODE_SIGN_STYLE = Automatic;
				INFOPLIST_FILE = basicappTests/Info.plist;
				IPHONEOS_DEPLOYMENT_TARGET = 14.0;
				LD_RUNPATH_SEARCH_PATHS = (
					"$(inherited)",
					"@executable_path/Frameworks",
					"@loader_path/Frameworks",
				);
				PRODUCT_BUNDLE_IDENTIFIER = com.testapp.basicappTests;
				PRODUCT_NAME = "$(TARGET_NAME)";
				SWIFT_VERSION = 5.0;
				TARGETED_DEVICE_FAMILY = "1,2";
				TEST_HOST = "$(BUILT_PRODUCTS_DIR)/basicapp.app/basicapp";
			};
			name = Debug;
		};
		0E80244225D8872100423647 /* Release */ = {
			isa = XCBuildConfiguration;
			buildSettings = {
				ALWAYS_EMBED_SWIFT_STANDARD_LIBRARIES = YES;
				BUNDLE_LOADER = "$(TEST_HOST)";
				CODE_SIGN_STYLE = Automatic;
				INFOPLIST_FILE = basicappTests/Info.plist;
				IPHONEOS_DEPLOYMENT_TARGET = 14.0;
				LD_RUNPATH_SEARCH_PATHS = (
					"$(inherited)",
					"@executable_path/Frameworks",
					"@loader_path/Frameworks",
				);
				PRODUCT_BUNDLE_IDENTIFIER = com.testapp.basicappTests;
				PRODUCT_NAME = "$(TARGET_NAME)";
				SWIFT_VERSION = 5.0;
				TARGETED_DEVICE_FAMILY = "1,2";
				TEST_HOST = "$(BUILT_PRODUCTS_DIR)/basicapp.app/basicapp";
			};
			name = Release;
		};
		0E80244425D8872100423647 /* Debug */ = {
			isa = XCBuildConfiguration;
			buildSettings = {
				ALWAYS_EMBED_SWIFT_STANDARD_LIBRARIES = YES;
				CODE_SIGN_STYLE = Automatic;
				INFOPLIST_FILE = basicappUITests/Info.plist;
				LD_RUNPATH_SEARCH_PATHS = (
					"$(inherited)",
					"@executable_path/Frameworks",
					"@loader_path/Frameworks",
				);
				PRODUCT_BUNDLE_IDENTIFIER = com.testapp.basicappUITests;
				PRODUCT_NAME = "$(TARGET_NAME)";
				SWIFT_VERSION = 5.0;
				TARGETED_DEVICE_FAMILY = "1,2";
				TEST_TARGET_NAME = basicapp;
			};
			name = Debug;
		};
		0E80244525D8872100423647 /* Release */ = {
			isa = XCBuildConfiguration;
			buildSettings = {
				ALWAYS_EMBED_SWIFT_STANDARD_LIBRARIES = YES;
				CODE_SIGN_STYLE = Automatic;
				INFOPLIST_FILE = basicappUITests/Info.plist;
				LD_RUNPATH_SEARCH_PATHS = (
					"$(inherited)",
					"@executable_path/Frameworks",
					"@loader_path/Frameworks",
				);
				PRODUCT_BUNDLE_IDENTIFIER = com.testapp.basicappUITests;
				PRODUCT_NAME = "$(TARGET_NAME)";
				SWIFT_VERSION = 5.0;
				TARGETED_DEVICE_FAMILY = "1,2";
				TEST_TARGET_NAME = basicapp;
			};
			name = Release;
		};
/* End XCBuildConfiguration section */

/* Begin XCConfigurationList section */
		0E80241325D8872000423647 /* Build configuration list for PBXProject "basicapp" */ = {
			isa = XCConfigurationList;
			buildConfigurations = (
				0E80243B25D8872100423647 /* Debug */,
				0E80243C25D8872100423647 /* Release */,
			);
			defaultConfigurationIsVisible = 0;
			defaultConfigurationName = Release;
		};
		0E80243D25D8872100423647 /* Build configuration list for PBXNativeTarget "basicapp" */ = {
			isa = XCConfigurationList;
			buildConfigurations = (
				0E80243E25D8872100423647 /* Debug */,
				0E80243F25D8872100423647 /* Release */,
			);
			defaultConfigurationIsVisible = 0;
			defaultConfigurationName = Release;
		};
		0E80244025D8872100423647 /* Build configuration list for PBXNativeTarget "basicappTests" */ = {
			isa = XCConfigurationList;
			buildConfigurations = (
				0E80244125D8872100423647 /* Debug */,
				0E80244225D8872100423647 /* Release */,
			);
			defaultConfigurationIsVisible = 0;
			defaultConfigurationName = Release;
		};
		0E80244325D8872100423647 /* Build configuration list for PBXNativeTarget "basicappUITests" */ = {
			isa = XCConfigurationList;
			buildConfigurations = (
				0E80244425D8872100423647 /* Debug */,
				0E80244525D8872100423647 /* Release */,
			);
			defaultConfigurationIsVisible = 0;
			defaultConfigurationName = Release;
		};
/* End XCConfigurationList section */
	};
	rootObject = 0E80241025D8872000423647 /* Project object */;
}
